
Microsoft Visual Studio Solution File, Format Version 12.00
# Visual Studio 15
VisualStudioVersion = 15.0.28010.2026
MinimumVisualStudioVersion = 10.0.40219.1
Project("{FAE04EC0-301F-11D3-BF4B-00C04F79EFBC}") = "SIT_QnA_APIService", "SIT_QnA_APIService\SIT_QnA_APIService.csproj", "{2E91C98A-4805-42DF-B2A8-0D7A9B71027F}"
EndProject
Global
	GlobalSection(SolutionConfigurationPlatforms) = preSolution
		Debug|Any CPU = Debug|Any CPU
		Release|Any CPU = Release|Any CPU
	EndGlobalSection
	GlobalSection(ProjectConfigurationPlatforms) = postSolution
		{2E91C98A-4805-42DF-B2A8-0D7A9B71027F}.Debug|Any CPU.ActiveCfg = Debug|Any CPU
		{2E91C98A-4805-42DF-B2A8-0D7A9B71027F}.Debug|Any CPU.Build.0 = Debug|Any CPU
		{2E91C98A-4805-42DF-B2A8-0D7A9B71027F}.Release|Any CPU.ActiveCfg = Release|Any CPU
		{2E91C98A-4805-42DF-B2A8-0D7A9B71027F}.Release|Any CPU.Build.0 = Release|Any CPU
	EndGlobalSection
	GlobalSection(SolutionProperties) = preSolution
		HideSolutionNode = FALSE
	EndGlobalSection
	GlobalSection(ExtensibilityGlobals) = postSolution
		SolutionGuid = {4263C65D-89AE-48A9-88F1-4D579878FB97}
	EndGlobalSection
EndGlobal
